PODS:
  - Alamofire (4.5.1)

DEPENDENCIES:
  - Alamofire (from `https://github.com/Alamofire/Alamofire.git`, tag `4.5.1`)

EXTERNAL SOURCES:
  Alamofire:
    :git: https://github.com/Alamofire/Alamofire.git
    :tag: 4.5.1

CHECKOUT OPTIONS:
  Alamofire:
    :git: https://github.com/Alamofire/Alamofire.git
    :tag: 4.5.1

SPEC CHECKSUMS:
  Alamofire: 0224236301daac8c6578172706304b66b48236b5

PODFILE CHECKSUM: 06a92ace8e88174d46e262f6dcd7a78d30006e6d

COCOAPODS: 1.5.3
